
Microsoft Visual Studio Solution File, Format Version 12.00
# Visual Studio Version 17
VisualStudioVersion = 17.14.36414.22 d17.14
MinimumVisualStudioVersion = 10.0.40219.1
Project("{8BC9CEB8-8B4A-11D0-8D11-00A0C91BC942}") = "OOP Control Work – Task 4 (MY)_", "OOP Control Work – Task 4 (MY)_.vcxproj", "{149776A2-F656-493C-AA71-79044A382255}"
EndProject
Global
	GlobalSection(SolutionConfigurationPlatforms) = preSolution
		Debug|x64 = Debug|x64
		Debug|x86 = Debug|x86
		Release|x64 = Release|x64
		Release|x86 = Release|x86
	EndGlobalSection
	GlobalSection(ProjectConfigurationPlatforms) = postSolution
		{149776A2-F656-493C-AA71-79044A382255}.Debug|x64.ActiveCfg = Debug|x64
		{149776A2-F656-493C-AA71-79044A382255}.Debug|x64.Build.0 = Debug|x64
		{149776A2-F656-493C-AA71-79044A382255}.Debug|x86.ActiveCfg = Debug|Win32
		{149776A2-F656-493C-AA71-79044A382255}.Debug|x86.Build.0 = Debug|Win32
		{149776A2-F656-493C-AA71-79044A382255}.Release|x64.ActiveCfg = Release|x64
		{149776A2-F656-493C-AA71-79044A382255}.Release|x64.Build.0 = Release|x64
		{149776A2-F656-493C-AA71-79044A382255}.Release|x86.ActiveCfg = Release|Win32
		{149776A2-F656-493C-AA71-79044A382255}.Release|x86.Build.0 = Release|Win32
	EndGlobalSection
	GlobalSection(SolutionProperties) = preSolution
		HideSolutionNode = FALSE
	EndGlobalSection
	GlobalSection(ExtensibilityGlobals) = postSolution
		SolutionGuid = {446CA631-48F5-4C5A-A6F5-9DCC5D1B67F7}
	EndGlobalSection
EndGlobal
